schema: '2.0'
stages:
  preprocess:
    cmd: python3 src/data/make_dataset.py data/raw/train.csv data/processed/train.pkl
      data/processed/target.pkl
    deps:
    - path: data/raw
      md5: f1bee252fc1163f4595334fedeb31899.dir
      size: 962294
      nfiles: 4
    - path: src/data/make_dataset.py
      md5: 26b234c87646bbc6c1107f1eb065acbf
      size: 1499
    outs:
    - path: data/processed
      md5: 7fe16e2e2edb7bbb8b62d3445a3e3a24.dir
      size: 214369
      nfiles: 3
  train:
    cmd: python3 src/models/train_model.py data/processed/train.pkl data/processed/target.pkl
      models/catboost data/val_index/validx.csv
    deps:
    - path: data/interim
      md5: d751713988987e9331980363e24189ce.dir
      size: 0
      nfiles: 0
    - path: data/processed
      md5: 7fe16e2e2edb7bbb8b62d3445a3e3a24.dir
      size: 214369
      nfiles: 3
    - path: src/models/train_model.py
      md5: 897913252d89a78c994bd9d02a842c74
      size: 2007
    outs:
    - path: data/val_index
      md5: 0831dff4c2bce25621acfebeb36eec53.dir
      size: 985
      nfiles: 1
    - path: models/catboost
      md5: 167e858d2da2c0142553e46c2d77a48e.dir
      size: 1215056
      nfiles: 1
  eval:
    cmd: python3 src/models/evaluate.py data/processed/train.pkl data/processed/target.pkl
      models/catboost/catboost.cbm data/val_index/validx.csv
    deps:
    - path: data/interim
      md5: d751713988987e9331980363e24189ce.dir
      size: 0
      nfiles: 0
    - path: data/processed
      md5: 7fe16e2e2edb7bbb8b62d3445a3e3a24.dir
      size: 214369
      nfiles: 3
    - path: models/catboost
      md5: 167e858d2da2c0142553e46c2d77a48e.dir
      size: 1215056
      nfiles: 1
    - path: src/models/evaluate.py
      md5: fcc3733c94ee835405f52a8418a768d5
      size: 1475
    outs:
    - path: reports/figures
      md5: b1c6e94b123088a163d90fb69076f9f5.dir
      size: 29
      nfiles: 2
